
Microsoft Visual Studio Solution File, Format Version 12.00
# Visual Studio 15
VisualStudioVersion = 15.0.27130.2010
MinimumVisualStudioVersion = 10.0.40219.1
Project("{FAE04EC0-301F-11D3-BF4B-00C04F79EFBC}") = "WebApp", "WebApp\WebApp.csproj", "{57300FC3-2A53-4127-BCF1-7E23379BC80F}"
EndProject
Project("{FAE04EC0-301F-11D3-BF4B-00C04F79EFBC}") = "XUnitTestProject1", "XUnitTestProject1\XUnitTestProject1.csproj", "{676F7A48-A37B-4844-B18C-F3AB9EDCDE52}"
EndProject
Project("{FAE04EC0-301F-11D3-BF4B-00C04F79EFBC}") = "Data", "Data\Data.csproj", "{52410E16-BA00-40B3-AC39-9CF59C46A448}"
EndProject
Project("{FAE04EC0-301F-11D3-BF4B-00C04F79EFBC}") = "Repository", "Repository\Repository.csproj", "{6DA84303-2D55-4E5D-8E37-7E092CBBF7B8}"
EndProject
Project("{FAE04EC0-301F-11D3-BF4B-00C04F79EFBC}") = "Service", "Service\Service.csproj", "{06A5AB86-8179-4D88-B024-AE4ED1B9BFBE}"
EndProject
Global
	GlobalSection(SolutionConfigurationPlatforms) = preSolution
		Debug|Any CPU = Debug|Any CPU
		Release|Any CPU = Release|Any CPU
	EndGlobalSection
	GlobalSection(ProjectConfigurationPlatforms) = postSolution
		{57300FC3-2A53-4127-BCF1-7E23379BC80F}.Debug|Any CPU.ActiveCfg = Debug|Any CPU
		{57300FC3-2A53-4127-BCF1-7E23379BC80F}.Debug|Any CPU.Build.0 = Debug|Any CPU
		{57300FC3-2A53-4127-BCF1-7E23379BC80F}.Release|Any CPU.ActiveCfg = Release|Any CPU
		{57300FC3-2A53-4127-BCF1-7E23379BC80F}.Release|Any CPU.Build.0 = Release|Any CPU
		{676F7A48-A37B-4844-B18C-F3AB9EDCDE52}.Debug|Any CPU.ActiveCfg = Debug|Any CPU
		{676F7A48-A37B-4844-B18C-F3AB9EDCDE52}.Debug|Any CPU.Build.0 = Debug|Any CPU
		{676F7A48-A37B-4844-B18C-F3AB9EDCDE52}.Release|Any CPU.ActiveCfg = Release|Any CPU
		{676F7A48-A37B-4844-B18C-F3AB9EDCDE52}.Release|Any CPU.Build.0 = Release|Any CPU
		{52410E16-BA00-40B3-AC39-9CF59C46A448}.Debug|Any CPU.ActiveCfg = Debug|Any CPU
		{52410E16-BA00-40B3-AC39-9CF59C46A448}.Debug|Any CPU.Build.0 = Debug|Any CPU
		{52410E16-BA00-40B3-AC39-9CF59C46A448}.Release|Any CPU.ActiveCfg = Release|Any CPU
		{52410E16-BA00-40B3-AC39-9CF59C46A448}.Release|Any CPU.Build.0 = Release|Any CPU
		{6DA84303-2D55-4E5D-8E37-7E092CBBF7B8}.Debug|Any CPU.ActiveCfg = Debug|Any CPU
		{6DA84303-2D55-4E5D-8E37-7E092CBBF7B8}.Debug|Any CPU.Build.0 = Debug|Any CPU
		{6DA84303-2D55-4E5D-8E37-7E092CBBF7B8}.Release|Any CPU.ActiveCfg = Release|Any CPU
		{6DA84303-2D55-4E5D-8E37-7E092CBBF7B8}.Release|Any CPU.Build.0 = Release|Any CPU
		{06A5AB86-8179-4D88-B024-AE4ED1B9BFBE}.Debug|Any CPU.ActiveCfg = Debug|Any CPU
		{06A5AB86-8179-4D88-B024-AE4ED1B9BFBE}.Debug|Any CPU.Build.0 = Debug|Any CPU
		{06A5AB86-8179-4D88-B024-AE4ED1B9BFBE}.Release|Any CPU.ActiveCfg = Release|Any CPU
		{06A5AB86-8179-4D88-B024-AE4ED1B9BFBE}.Release|Any CPU.Build.0 = Release|Any CPU
	EndGlobalSection
	GlobalSection(SolutionProperties) = preSolution
		HideSolutionNode = FALSE
	EndGlobalSection
	GlobalSection(ExtensibilityGlobals) = postSolution
		SolutionGuid = {96A54B69-DECF-4CBA-9226-F15810FC5E7B}
	EndGlobalSection
EndGlobal
